

Microsoft Visual Studio Solution File, Format Version 12.00
# Visual Studio Version 17
VisualStudioVersion = 17.13.35825.156 d17.13
MinimumVisualStudioVersion = 10.0.40219.1
Project("{235F2288-79AF-47F5-9B68-60E2005B3676}") = "MasterDetail.Database", "MasterDetail.Database\MasterDetail.Database.sqlproj", "{AD2137EE-610D-4C1B-8D24-685B56F814F9}"
EndProject
Global
	GlobalSection(SolutionConfigurationPlatforms) = preSolution
		Debug|Any CPU = Debug|Any CPU
		Release|Any CPU = Release|Any CPU
	EndGlobalSection
	GlobalSection(ProjectConfigurationPlatforms) = postSolution
		{AD2137EE-610D-4C1B-8D24-685B56F814F9}.Debug|Any CPU.ActiveCfg = Debug|Any CPU
		{AD2137EE-610D-4C1B-8D24-685B56F814F9}.Debug|Any CPU.Build.0 = Debug|Any CPU
		{AD2137EE-610D-4C1B-8D24-685B56F814F9}.Debug|Any CPU.Deploy.0 = Debug|Any CPU
		{AD2137EE-610D-4C1B-8D24-685B56F814F9}.Release|Any CPU.ActiveCfg = Release|Any CPU
		{AD2137EE-610D-4C1B-8D24-685B56F814F9}.Release|Any CPU.Build.0 = Release|Any CPU
		{AD2137EE-610D-4C1B-8D24-685B56F814F9}.Release|Any CPU.Deploy.0 = Release|Any CPU
	EndGlobalSection
	GlobalSection(SolutionProperties) = preSolution
		HideSolutionNode = FALSE
	EndGlobalSection
	GlobalSection(ExtensibilityGlobals) = postSolution
		SolutionGuid = {CB9BB287-D5DB-4F70-8309-C496F691C3C8}
	EndGlobalSection
EndGlobal

  