

Microsoft Visual Studio Solution File, Format Version 12.00
# Visual Studio Version 17
VisualStudioVersion = 17.13.35825.156 d17.13
MinimumVisualStudioVersion = 10.0.40219.1
Project("{235F2288-79AF-47F5-9B68-60E2005B3676}") = "masterdetail.reactjs.web.ui", "MasterDetail.ReactJs.Web.UI\masterdetail.reactjs.web.ui.esproj", "{F58E7584-3071-434E-9DAB-884349E3355C}"
EndProject
Global
	GlobalSection(SolutionConfigurationPlatforms) = preSolution
		Debug|Any CPU = Debug|Any CPU
		Release|Any CPU = Release|Any CPU
	EndGlobalSection
	GlobalSection(ProjectConfigurationPlatforms) = postSolution
		{F58E7584-3071-434E-9DAB-884349E3355C}.Debug|Any CPU.ActiveCfg = Debug|Any CPU
		{F58E7584-3071-434E-9DAB-884349E3355C}.Debug|Any CPU.Build.0 = Debug|Any CPU
		{F58E7584-3071-434E-9DAB-884349E3355C}.Debug|Any CPU.Deploy.0 = Debug|Any CPU
		{F58E7584-3071-434E-9DAB-884349E3355C}.Release|Any CPU.ActiveCfg = Release|Any CPU
		{F58E7584-3071-434E-9DAB-884349E3355C}.Release|Any CPU.Build.0 = Release|Any CPU
		{F58E7584-3071-434E-9DAB-884349E3355C}.Release|Any CPU.Deploy.0 = Release|Any CPU
	EndGlobalSection
	GlobalSection(SolutionProperties) = preSolution
		HideSolutionNode = FALSE
	EndGlobalSection
	GlobalSection(ExtensibilityGlobals) = postSolution
		SolutionGuid = {1084BB43-20E6-4217-AEBD-42A6879C1B44}
	EndGlobalSection
EndGlobal

  